
Microsoft Visual Studio Solution File, Format Version 12.00
# Visual Studio Version 17
VisualStudioVersion = 17.2.32630.192
MinimumVisualStudioVersion = 10.0.40219.1
Project("{FAE04EC0-301F-11D3-BF4B-00C04F79EFBC}") = "CSharp Path Tracer", "CSharp Path Tracer.csproj", "{570E87E3-9210-4187-A5FE-00BB520AFCC0}"
EndProject
Global
	GlobalSection(SolutionConfigurationPlatforms) = preSolution
		Debug|Any CPU = Debug|Any CPU
		Release|Any CPU = Release|Any CPU
	EndGlobalSection
	GlobalSection(ProjectConfigurationPlatforms) = postSolution
		{570E87E3-9210-4187-A5FE-00BB520AFCC0}.Debug|Any CPU.ActiveCfg = Debug|Any CPU
		{570E87E3-9210-4187-A5FE-00BB520AFCC0}.Debug|Any CPU.Build.0 = Debug|Any CPU
		{570E87E3-9210-4187-A5FE-00BB520AFCC0}.Release|Any CPU.ActiveCfg = Release|Any CPU
		{570E87E3-9210-4187-A5FE-00BB520AFCC0}.Release|Any CPU.Build.0 = Release|Any CPU
	EndGlobalSection
	GlobalSection(SolutionProperties) = preSolution
		HideSolutionNode = FALSE
	EndGlobalSection
	GlobalSection(ExtensibilityGlobals) = postSolution
		SolutionGuid = {A002BD77-FA52-4E7A-B4D5-2871911D23A0}
	EndGlobalSection
EndGlobal
